{
  "originHash" : "d3b712a8b7fc3d2c6f96bea3ab5293b82222a57bc9fc403a7ceee9c25d71d08a",
  "pins" : [
    {
      "identity" : "ghosttykit",
      "kind" : "remoteSourceControl",
      "location" : "https://github.com/jiwookm/GhosttyKit.git",
      "state" : {
        "revision" : "ea2889264d3586dab2482e17e093e34a77d1b027"
      }
    }
  ],
  "version" : 3
}
